
Microsoft Visual Studio Solution File, Format Version 12.00
# Visual Studio Version 17
VisualStudioVersion = 17.10.35027.167
MinimumVisualStudioVersion = 10.0.40219.1
Project("{FAE04EC0-301F-11D3-BF4B-00C04F79EFBC}") = "calcullator2024", "calcullator2024.csproj", "{89B69F77-CB7C-4FFA-9935-E0492BB13123}"
EndProject
Global
	GlobalSection(SolutionConfigurationPlatforms) = preSolution
		Debug|Any CPU = Debug|Any CPU
		Release|Any CPU = Release|Any CPU
	EndGlobalSection
	GlobalSection(ProjectConfigurationPlatforms) = postSolution
		{89B69F77-CB7C-4FFA-9935-E0492BB13123}.Debug|Any CPU.ActiveCfg = Debug|Any CPU
		{89B69F77-CB7C-4FFA-9935-E0492BB13123}.Debug|Any CPU.Build.0 = Debug|Any CPU
		{89B69F77-CB7C-4FFA-9935-E0492BB13123}.Release|Any CPU.ActiveCfg = Release|Any CPU
		{89B69F77-CB7C-4FFA-9935-E0492BB13123}.Release|Any CPU.Build.0 = Release|Any CPU
	EndGlobalSection
	GlobalSection(SolutionProperties) = preSolution
		HideSolutionNode = FALSE
	EndGlobalSection
	GlobalSection(ExtensibilityGlobals) = postSolution
		SolutionGuid = {D42AD4B3-FEAA-42A1-8A4D-7D0C22894E08}
	EndGlobalSection
EndGlobal
