
Microsoft Visual Studio Solution File, Format Version 12.00
# Visual Studio Version 17
VisualStudioVersion = 17.10.35027.167
MinimumVisualStudioVersion = 10.0.40219.1
Project("{FAE04EC0-301F-11D3-BF4B-00C04F79EFBC}") = "firstForm", "firstForm.csproj", "{ABFC2158-9D5D-4008-BB06-80C2E13F1FC4}"
EndProject
Global
	GlobalSection(SolutionConfigurationPlatforms) = preSolution
		Debug|Any CPU = Debug|Any CPU
		Release|Any CPU = Release|Any CPU
	EndGlobalSection
	GlobalSection(ProjectConfigurationPlatforms) = postSolution
		{ABFC2158-9D5D-4008-BB06-80C2E13F1FC4}.Debug|Any CPU.ActiveCfg = Debug|Any CPU
		{ABFC2158-9D5D-4008-BB06-80C2E13F1FC4}.Debug|Any CPU.Build.0 = Debug|Any CPU
		{ABFC2158-9D5D-4008-BB06-80C2E13F1FC4}.Release|Any CPU.ActiveCfg = Release|Any CPU
		{ABFC2158-9D5D-4008-BB06-80C2E13F1FC4}.Release|Any CPU.Build.0 = Release|Any CPU
	EndGlobalSection
	GlobalSection(SolutionProperties) = preSolution
		HideSolutionNode = FALSE
	EndGlobalSection
	GlobalSection(ExtensibilityGlobals) = postSolution
		SolutionGuid = {68DF62F4-1BA1-4474-A5D7-677BFD5EFCE4}
	EndGlobalSection
EndGlobal
