
Microsoft Visual Studio Solution File, Format Version 12.00
# Visual Studio Version 17
VisualStudioVersion = 17.10.35027.167
MinimumVisualStudioVersion = 10.0.40219.1
Project("{FAE04EC0-301F-11D3-BF4B-00C04F79EFBC}") = "MysqlGyak", "MysqlGyak\MysqlGyak.csproj", "{8F3BB72E-4167-443D-81C4-6714DCF551EA}"
EndProject
Global
	GlobalSection(SolutionConfigurationPlatforms) = preSolution
		Debug|Any CPU = Debug|Any CPU
		Release|Any CPU = Release|Any CPU
	EndGlobalSection
	GlobalSection(ProjectConfigurationPlatforms) = postSolution
		{8F3BB72E-4167-443D-81C4-6714DCF551EA}.Debug|Any CPU.ActiveCfg = Debug|Any CPU
		{8F3BB72E-4167-443D-81C4-6714DCF551EA}.Debug|Any CPU.Build.0 = Debug|Any CPU
		{8F3BB72E-4167-443D-81C4-6714DCF551EA}.Release|Any CPU.ActiveCfg = Release|Any CPU
		{8F3BB72E-4167-443D-81C4-6714DCF551EA}.Release|Any CPU.Build.0 = Release|Any CPU
	EndGlobalSection
	GlobalSection(SolutionProperties) = preSolution
		HideSolutionNode = FALSE
	EndGlobalSection
	GlobalSection(ExtensibilityGlobals) = postSolution
		SolutionGuid = {DB3EC551-BDBF-4292-A8AF-63B373C2A010}
	EndGlobalSection
EndGlobal
